
Microsoft Visual Studio Solution File, Format Version 12.00
# Visual Studio 15
VisualStudioVersion = 15.0.27428.2043
MinimumVisualStudioVersion = 10.0.40219.1
Project("{FAE04EC0-301F-11D3-BF4B-00C04F79EFBC}") = "Caelum.Loja", "Caelum.Loja\Caelum.Loja.csproj", "{4E7CCD90-CB10-4954-8320-A9B9CE37E012}"
EndProject
Global
	GlobalSection(SolutionConfigurationPlatforms) = preSolution
		Debug|Any CPU = Debug|Any CPU
		Release|Any CPU = Release|Any CPU
	EndGlobalSection
	GlobalSection(ProjectConfigurationPlatforms) = postSolution
		{4E7CCD90-CB10-4954-8320-A9B9CE37E012}.Debug|Any CPU.ActiveCfg = Debug|Any CPU
		{4E7CCD90-CB10-4954-8320-A9B9CE37E012}.Debug|Any CPU.Build.0 = Debug|Any CPU
		{4E7CCD90-CB10-4954-8320-A9B9CE37E012}.Release|Any CPU.ActiveCfg = Release|Any CPU
		{4E7CCD90-CB10-4954-8320-A9B9CE37E012}.Release|Any CPU.Build.0 = Release|Any CPU
	EndGlobalSection
	GlobalSection(SolutionProperties) = preSolution
		HideSolutionNode = FALSE
	EndGlobalSection
	GlobalSection(ExtensibilityGlobals) = postSolution
		SolutionGuid = {A3076862-71A7-4B67-B838-5DAC9B7ADF2F}
	EndGlobalSection
EndGlobal
